
Microsoft Visual Studio Solution File, Format Version 9.00
# Visual Studio 2005
Project("{8BC9CEB8-8B4A-11D0-8D11-00A0C91BC942}") = "MoonValleyTest_SteveMuller", "MoonValleyTest_SteveMuller\MoonValleyTest_SteveMuller.vcproj", "{B8D163DF-2E6C-4F5F-B917-DDCC21703C37}"
EndProject
Global
	GlobalSection(SolutionConfigurationPlatforms) = preSolution
		Debug|Win32 = Debug|Win32
		Release|Win32 = Release|Win32
	EndGlobalSection
	GlobalSection(ProjectConfigurationPlatforms) = postSolution
		{B8D163DF-2E6C-4F5F-B917-DDCC21703C37}.Debug|Win32.ActiveCfg = Debug|Win32
		{B8D163DF-2E6C-4F5F-B917-DDCC21703C37}.Debug|Win32.Build.0 = Debug|Win32
		{B8D163DF-2E6C-4F5F-B917-DDCC21703C37}.Release|Win32.ActiveCfg = Release|Win32
		{B8D163DF-2E6C-4F5F-B917-DDCC21703C37}.Release|Win32.Build.0 = Release|Win32
	EndGlobalSection
	GlobalSection(SolutionProperties) = preSolution
		HideSolutionNode = FALSE
	EndGlobalSection
EndGlobal
